
Microsoft Visual Studio Solution File, Format Version 12.00
# Visual Studio Version 17
VisualStudioVersion = 17.6.33801.468
MinimumVisualStudioVersion = 10.0.40219.1
Project("{FAE04EC0-301F-11D3-BF4B-00C04F79EFBC}") = "Bloggie.Web", "Bloggie.Web\Bloggie.Web.csproj", "{92B5835E-E153-4312-8C20-02745F40E1DB}"
EndProject
Global
	GlobalSection(SolutionConfigurationPlatforms) = preSolution
		Debug|Any CPU = Debug|Any CPU
		Release|Any CPU = Release|Any CPU
	EndGlobalSection
	GlobalSection(ProjectConfigurationPlatforms) = postSolution
		{92B5835E-E153-4312-8C20-02745F40E1DB}.Debug|Any CPU.ActiveCfg = Debug|Any CPU
		{92B5835E-E153-4312-8C20-02745F40E1DB}.Debug|Any CPU.Build.0 = Debug|Any CPU
		{92B5835E-E153-4312-8C20-02745F40E1DB}.Release|Any CPU.ActiveCfg = Release|Any CPU
		{92B5835E-E153-4312-8C20-02745F40E1DB}.Release|Any CPU.Build.0 = Release|Any CPU
	EndGlobalSection
	GlobalSection(SolutionProperties) = preSolution
		HideSolutionNode = FALSE
	EndGlobalSection
	GlobalSection(ExtensibilityGlobals) = postSolution
		SolutionGuid = {5B39BB70-3ED3-4845-8385-16EE6972A9B0}
	EndGlobalSection
EndGlobal
